// !$*UTF8*$!
{
	archiveVersion = 1;
	classes = {
	};
	objectVersion = 46;
	objects = {

/* Begin PBXBuildFile section */
		62AAD65A1B0EECC600FCF665 /* AppDelegate.swift in Sources */ = {isa = PBXBuildFile; fileRef = 62AAD6591B0EECC600FCF665 /* AppDelegate.swift */; };
		62AAD65C1B0EECC600FCF665 /* ViewController.swift in Sources */ = {isa = PBXBuildFile; fileRef = 62AAD65B1B0EECC600FCF665 /* ViewController.swift */; };
		62AAD65F1B0EECC600FCF665 /* Main.storyboard in Resources */ = {isa = PBXBuildFile; fileRef = 62AAD65D1B0EECC600FCF665 /* Main.storyboard */; };
		62AAD6611B0EECC600FCF665 /* Images.xcassets in Resources */ = {isa = PBXBuildFile; fileRef = 62AAD6601B0EECC600FCF665 /* Images.xcassets */; };
		62AAD6641B0EECC600FCF665 /* LaunchScreen.xib in Resources */ = {isa = PBXBuildFile; fileRef = 62AAD6621B0EECC600FCF665 /* LaunchScreen.xib */; };
		62AAD6701B0EECC600FCF665 /* HomePlanTests.swift in Sources */ = {isa = PBXBuildFile; fileRef = 62AAD66F1B0EECC600FCF665 /* HomePlanTests.swift */; };
		62AAD67A1B0EED0100FCF665 /* SCLAlertView.swift in Sources */ = {isa = PBXBuildFile; fileRef = 62AAD6791B0EED0100FCF665 /* SCLAlertView.swift */; };
		62AAD67C1B0EED1400FCF665 /* DataModel.swift in Sources */ = {isa = PBXBuildFile; fileRef = 62AAD67B1B0EED1400FCF665 /* DataModel.swift */; };
		62AAD67E1B0EED3300FCF665 /* FurnitureInfo.swift in Sources */ = {isa = PBXBuildFile; fileRef = 62AAD67D1B0EED3300FCF665 /* FurnitureInfo.swift */; };
		62AAD6801B0EED3900FCF665 /* FurnitureView.swift in Sources */ = {isa = PBXBuildFile; fileRef = 62AAD67F1B0EED3900FCF665 /* FurnitureView.swift */; };
		62AAD6821B0EED4500FCF665 /* SavedFurnitureViewControllerDelegate.swift in Sources */ = {isa = PBXBuildFile; fileRef = 62AAD6811B0EED4500FCF665 /* SavedFurnitureViewControllerDelegate.swift */; };
		62AAD6841B0EEEA300FCF665 /* SavedFutnitureViewController.swift in Sources */ = {isa = PBXBuildFile; fileRef = 62AAD6831B0EEEA300FCF665 /* SavedFutnitureViewController.swift */; };
/* End PBXBuildFile section */

/* Begin PBXContainerItemProxy section */
		62AAD66A1B0EECC600FCF665 /* PBXContainerItemProxy */ = {
			isa = PBXContainerItemProxy;
			containerPortal = 62AAD64C1B0EECC600FCF665 /* Project object */;
			proxyType = 1;
			remoteGlobalIDString = 62AAD6531B0EECC600FCF665;
			remoteInfo = HomePlan;
		};
/* End PBXContainerItemProxy section */

/* Begin PBXFileReference section */
		62AAD6541B0EECC600FCF665 /* HomePlan.app */ = {isa = PBXFileReference; explicitFileType = wrapper.application; includeInIndex = 0; path = HomePlan.app; sourceTree = BUILT_PRODUCTS_DIR; };
		62AAD6581B0EECC600FCF665 /* Info.plist */ = {isa = PBXFileReference; lastKnownFileType = text.plist.xml; path = Info.plist; sourceTree = "<group>"; };
		62AAD6591B0EECC600FCF665 /* AppDelegate.swift */ = {isa = PBXFileReference; lastKnownFileType = sourcecode.swift; path = AppDelegate.swift; sourceTree = "<group>"; };
		62AAD65B1B0EECC600FCF665 /* ViewController.swift */ = {isa = PBXFileReference; lastKnownFileType = sourcecode.swift; path = ViewController.swift; sourceTree = "<group>"; };
		62AAD65E1B0EECC600FCF665 /* Base */ = {isa = PBXFileReference; lastKnownFileType = file.storyboard; name = Base; path = Base.lproj/Main.storyboard; sourceTree = "<group>"; };
		62AAD6601B0EECC600FCF665 /* Images.xcassets */ = {isa = PBXFileReference; lastKnownFileType = folder.assetcatalog; path = Images.xcassets; sourceTree = "<group>"; };
		62AAD6631B0EECC600FCF665 /* Base */ = {isa = PBXFileReference; lastKnownFileType = file.xib; name = Base; path = Base.lproj/LaunchScreen.xib; sourceTree = "<group>"; };
		62AAD6691B0EECC600FCF665 /* HomePlanTests.xctest */ = {isa = PBXFileReference; explicitFileType = wrapper.cfbundle; includeInIndex = 0; path = HomePlanTests.xctest; sourceTree = BUILT_PRODUCTS_DIR; };
		62AAD66E1B0EECC600FCF665 /* Info.plist */ = {isa = PBXFileReference; lastKnownFileType = text.plist.xml; path = Info.plist; sourceTree = "<group>"; };
		62AAD66F1B0EECC600FCF665 /* HomePlanTests.swift */ = {isa = PBXFileReference; lastKnownFileType = sourcecode.swift; path = HomePlanTests.swift; sourceTree = "<group>"; };
		62AAD6791B0EED0100FCF665 /* SCLAlertView.swift */ = {isa = PBXFileReference; fileEncoding = 4; lastKnownFileType = sourcecode.swift; path = SCLAlertView.swift; sourceTree = "<group>"; };
		62AAD67B1B0EED1400FCF665 /* DataModel.swift */ = {isa = PBXFileReference; fileEncoding = 4; lastKnownFileType = sourcecode.swift; path = DataModel.swift; sourceTree = "<group>"; };
		62AAD67D1B0EED3300FCF665 /* FurnitureInfo.swift */ = {isa = PBXFileReference; fileEncoding = 4; lastKnownFileType = sourcecode.swift; path = FurnitureInfo.swift; sourceTree = "<group>"; };
		62AAD67F1B0EED3900FCF665 /* FurnitureView.swift */ = {isa = PBXFileReference; fileEncoding = 4; lastKnownFileType = sourcecode.swift; path = FurnitureView.swift; sourceTree = "<group>"; };
		62AAD6811B0EED4500FCF665 /* SavedFurnitureViewControllerDelegate.swift */ = {isa = PBXFileReference; fileEncoding = 4; lastKnownFileType = sourcecode.swift; path = SavedFurnitureViewControllerDelegate.swift; sourceTree = "<group>"; };
		62AAD6831B0EEEA300FCF665 /* SavedFutnitureViewController.swift */ = {isa = PBXFileReference; fileEncoding = 4; lastKnownFileType = sourcecode.swift; path = SavedFutnitureViewController.swift; sourceTree = "<group>"; };
/* End PBXFileReference section */

/* Begin PBXFrameworksBuildPhase section */
		62AAD6511B0EECC600FCF665 /* Frameworks */ = {
			isa = PBXFrameworksBuildPhase;
			buildActionMask = 2147483647;
			files = (
			);
			runOnlyForDeploymentPostprocessing = 0;
		};
		62AAD6661B0EECC600FCF665 /* Frameworks */ = {
			isa = PBXFrameworksBuildPhase;
			buildActionMask = 2147483647;
			files = (
			);
			runOnlyForDeploymentPostprocessing = 0;
		};
/* End PBXFrameworksBuildPhase section */

/* Begin PBXGroup section */
		62AAD64B1B0EECC600FCF665 = {
			isa = PBXGroup;
			children = (
				62AAD6561B0EECC600FCF665 /* HomePlan */,
				62AAD66C1B0EECC600FCF665 /* HomePlanTests */,
				62AAD6551B0EECC600FCF665 /* Products */,
			);
			sourceTree = "<group>";
		};
		62AAD6551B0EECC600FCF665 /* Products */ = {
			isa = PBXGroup;
			children = (
				62AAD6541B0EECC600FCF665 /* HomePlan.app */,
				62AAD6691B0EECC600FCF665 /* HomePlanTests.xctest */,
			);
			name = Products;
			sourceTree = "<group>";
		};
		62AAD6561B0EECC600FCF665 /* HomePlan */ = {
			isa = PBXGroup;
			children = (
				62AAD6791B0EED0100FCF665 /* SCLAlertView.swift */,
				62AAD6591B0EECC600FCF665 /* AppDelegate.swift */,
				62AAD67F1B0EED3900FCF665 /* FurnitureView.swift */,
				62AAD65B1B0EECC600FCF665 /* ViewController.swift */,
				62AAD6831B0EEEA300FCF665 /* SavedFutnitureViewController.swift */,
				62AAD65D1B0EECC600FCF665 /* Main.storyboard */,
				62AAD6601B0EECC600FCF665 /* Images.xcassets */,
				62AAD6621B0EECC600FCF665 /* LaunchScreen.xib */,
				62AAD6811B0EED4500FCF665 /* SavedFurnitureViewControllerDelegate.swift */,
				62AAD67B1B0EED1400FCF665 /* DataModel.swift */,
				62AAD67D1B0EED3300FCF665 /* FurnitureInfo.swift */,
				62AAD6571B0EECC600FCF665 /* Supporting Files */,
			);
			path = HomePlan;
			sourceTree = "<group>";
		};
		62AAD6571B0EECC600FCF665 /* Supporting Files */ = {
			isa = PBXGroup;
			children = (
				62AAD6581B0EECC600FCF665 /* Info.plist */,
			);
			name = "Supporting Files";
			sourceTree = "<group>";
		};
		62AAD66C1B0EECC600FCF665 /* HomePlanTests */ = {
			isa = PBXGroup;
			children = (
				62AAD66F1B0EECC600FCF665 /* HomePlanTests.swift */,
				62AAD66D1B0EECC600FCF665 /* Supporting Files */,
			);
			path = HomePlanTests;
			sourceTree = "<group>";
		};
		62AAD66D1B0EECC600FCF665 /* Supporting Files */ = {
			isa = PBXGroup;
			children = (
				62AAD66E1B0EECC600FCF665 /* Info.plist */,
			);
			name = "Supporting Files";
			sourceTree = "<group>";
		};
/* End PBXGroup section */

/* Begin PBXNativeTarget section */
		62AAD6531B0EECC600FCF665 /* HomePlan */ = {
			isa = PBXNativeTarget;
			buildConfigurationList = 62AAD6731B0EECC600FCF665 /* Build configuration list for PBXNativeTarget "HomePlan" */;
			buildPhases = (
				62AAD6501B0EECC600FCF665 /* Sources */,
				62AAD6511B0EECC600FCF665 /* Frameworks */,
				62AAD6521B0EECC600FCF665 /* Resources */,
			);
			buildRules = (
			);
			dependencies = (
			);
			name = HomePlan;
			productName = HomePlan;
			productReference = 62AAD6541B0EECC600FCF665 /* HomePlan.app */;
			productType = "com.apple.product-type.application";
		};
		62AAD6681B0EECC600FCF665 /* HomePlanTests */ = {
			isa = PBXNativeTarget;
			buildConfigurationList = 62AAD6761B0EECC600FCF665 /* Build configuration list for PBXNativeTarget "HomePlanTests" */;
			buildPhases = (
				62AAD6651B0EECC600FCF665 /* Sources */,
				62AAD6661B0EECC600FCF665 /* Frameworks */,
				62AAD6671B0EECC600FCF665 /* Resources */,
			);
			buildRules = (
			);
			dependencies = (
				62AAD66B1B0EECC600FCF665 /* PBXTargetDependency */,
			);
			name = HomePlanTests;
			productName = HomePlanTests;
			productReference = 62AAD6691B0EECC600FCF665 /* HomePlanTests.xctest */;
			productType = "com.apple.product-type.bundle.unit-test";
		};
/* End PBXNativeTarget section */

/* Begin PBXProject section */
		62AAD64C1B0EECC600FCF665 /* Project object */ = {
			isa = PBXProject;
			attributes = {
				LastUpgradeCheck = 0630;
				ORGANIZATIONNAME = "刘炳辰";
				TargetAttributes = {
					62AAD6531B0EECC600FCF665 = {
						CreatedOnToolsVersion = 6.3.2;
					};
					62AAD6681B0EECC600FCF665 = {
						CreatedOnToolsVersion = 6.3.2;
						TestTargetID = 62AAD6531B0EECC600FCF665;
					};
				};
			};
			buildConfigurationList = 62AAD64F1B0EECC600FCF665 /* Build configuration list for PBXProject "HomePlan" */;
			compatibilityVersion = "Xcode 3.2";
			developmentRegion = English;
			hasScannedForEncodings = 0;
			knownRegions = (
				en,
				Base,
			);
			mainGroup = 62AAD64B1B0EECC600FCF665;
			productRefGroup = 62AAD6551B0EECC600FCF665 /* Products */;
			projectDirPath = "";
			projectRoot = "";
			targets = (
				62AAD6531B0EECC600FCF665 /* HomePlan */,
				62AAD6681B0EECC600FCF665 /* HomePlanTests */,
			);
		};
/* End PBXProject section */

/* Begin PBXResourcesBuildPhase section */
		62AAD6521B0EECC600FCF665 /* Resources */ = {
			isa = PBXResourcesBuildPhase;
			buildActionMask = 2147483647;
			files = (
				62AAD65F1B0EECC600FCF665 /* Main.storyboard in Resources */,
				62AAD6641B0EECC600FCF665 /* LaunchScreen.xib in Resources */,
				62AAD6611B0EECC600FCF665 /* Images.xcassets in Resources */,
			);
			runOnlyForDeploymentPostprocessing = 0;
		};
		62AAD6671B0EECC600FCF665 /* Resources */ = {
			isa = PBXResourcesBuildPhase;
			buildActionMask = 2147483647;
			files = (
			);
			runOnlyForDeploymentPostprocessing = 0;
		};
/* End PBXResourcesBuildPhase section */

/* Begin PBXSourcesBuildPhase section */
		62AAD6501B0EECC600FCF665 /* Sources */ = {
			isa = PBXSourcesBuildPhase;
			buildActionMask = 2147483647;
			files = (
				62AAD65C1B0EECC600FCF665 /* ViewController.swift in Sources */,
				62AAD6841B0EEEA300FCF665 /* SavedFutnitureViewController.swift in Sources */,
				62AAD6801B0EED3900FCF665 /* FurnitureView.swift in Sources */,
				62AAD67C1B0EED1400FCF665 /* DataModel.swift in Sources */,
				62AAD67A1B0EED0100FCF665 /* SCLAlertView.swift in Sources */,
				62AAD65A1B0EECC600FCF665 /* AppDelegate.swift in Sources */,
				62AAD6821B0EED4500FCF665 /* SavedFurnitureViewControllerDelegate.swift in Sources */,
				62AAD67E1B0EED3300FCF665 /* FurnitureInfo.swift in Sources */,
			);
			runOnlyForDeploymentPostprocessing = 0;
		};
		62AAD6651B0EECC600FCF665 /* Sources */ = {
			isa = PBXSourcesBuildPhase;
			buildActionMask = 2147483647;
			files = (
				62AAD6701B0EECC600FCF665 /* HomePlanTests.swift in Sources */,
			);
			runOnlyForDeploymentPostprocessing = 0;
		};
/* End PBXSourcesBuildPhase section */

/* Begin PBXTargetDependency section */
		62AAD66B1B0EECC600FCF665 /* PBXTargetDependency */ = {
			isa = PBXTargetDependency;
			target = 62AAD6531B0EECC600FCF665 /* HomePlan */;
			targetProxy = 62AAD66A1B0EECC600FCF665 /* PBXContainerItemProxy */;
		};
/* End PBXTargetDependency section */

/* Begin PBXVariantGroup section */
		62AAD65D1B0EECC600FCF665 /* Main.storyboard */ = {
			isa = PBXVariantGroup;
			children = (
				62AAD65E1B0EECC600FCF665 /* Base */,
			);
			name = Main.storyboard;
			sourceTree = "<group>";
		};
		62AAD6621B0EECC600FCF665 /* LaunchScreen.xib */ = {
			isa = PBXVariantGroup;
			children = (
				62AAD6631B0EECC600FCF665 /* Base */,
			);
			name = LaunchScreen.xib;
			sourceTree = "<group>";
		};
/* End PBXVariantGroup section */

/* Begin XCBuildConfiguration section */
		62AAD6711B0EECC600FCF665 /* Debug */ = {
			isa = XCBuildConfiguration;
			buildSettings = {
				ALWAYS_SEARCH_USER_PATHS = NO;
				CLANG_CXX_LANGUAGE_STANDARD = "gnu++0x";
				CLANG_CXX_LIBRARY = "libc++";
				CLANG_ENABLE_MODULES = YES;
				CLANG_ENABLE_OBJC_ARC = YES;
				CLANG_WARN_BOOL_CONVERSION = YES;
				CLANG_WARN_CONSTANT_CONVERSION = YES;
				CLANG_WARN_DIRECT_OBJC_ISA_USAGE = YES_ERROR;
				CLANG_WARN_EMPTY_BODY = YES;
				CLANG_WARN_ENUM_CONVERSION = YES;
				CLANG_WARN_INT_CONVERSION = YES;
				CLANG_WARN_OBJC_ROOT_CLASS = YES_ERROR;
				CLANG_WARN_UNREACHABLE_CODE = YES;
				CLANG_WARN__DUPLICATE_METHOD_MATCH = YES;
				"CODE_SIGN_IDENTITY[sdk=iphoneos*]" = "iPhone Developer";
				COPY_PHASE_STRIP = NO;
				DEBUG_INFORMATION_FORMAT = "dwarf-with-dsym";
				ENABLE_STRICT_OBJC_MSGSEND = YES;
				GCC_C_LANGUAGE_STANDARD = gnu99;
				GCC_DYNAMIC_NO_PIC = NO;
				GCC_NO_COMMON_BLOCKS = YES;
				GCC_OPTIMIZATION_LEVEL = 0;
				GCC_PREPROCESSOR_DEFINITIONS = (
					"DEBUG=1",
					"$(inherited)",
				);
				GCC_SYMBOLS_PRIVATE_EXTERN = NO;
				GCC_WARN_64_TO_32_BIT_CONVERSION = YES;
				GCC_WARN_ABOUT_RETURN_TYPE = YES_ERROR;
				GCC_WARN_UNDECLARED_SELECTOR = YES;
				GCC_WARN_UNINITIALIZED_AUTOS = YES_AGGRESSIVE;
				GCC_WARN_UNUSED_FUNCTION = YES;
				GCC_WARN_UNUSED_VARIABLE = YES;
				IPHONEOS_DEPLOYMENT_TARGET = 8.3;
				MTL_ENABLE_DEBUG_INFO = YES;
				ONLY_ACTIVE_ARCH = YES;
				SDKROOT = iphoneos;
				SWIFT_OPTIMIZATION_LEVEL = "-Onone";
				TARGETED_DEVICE_FAMILY = "1,2";
			};
			name = Debug;
		};
		62AAD6721B0EECC600FCF665 /* Release */ = {
			isa = XCBuildConfiguration;
			buildSettings = {
				ALWAYS_SEARCH_USER_PATHS = NO;
				CLANG_CXX_LANGUAGE_STANDARD = "gnu++0x";
				CLANG_CXX_LIBRARY = "libc++";
				CLANG_ENABLE_MODULES = YES;
				CLANG_ENABLE_OBJC_ARC = YES;
				CLANG_WARN_BOOL_CONVERSION = YES;
				CLANG_WARN_CONSTANT_CONVERSION = YES;
				CLANG_WARN_DIRECT_OBJC_ISA_USAGE = YES_ERROR;
				CLANG_WARN_EMPTY_BODY = YES;
				CLANG_WARN_ENUM_CONVERSION = YES;
				CLANG_WARN_INT_CONVERSION = YES;
				CLANG_WARN_OBJC_ROOT_CLASS = YES_ERROR;
				CLANG_WARN_UNREACHABLE_CODE = YES;
				CLANG_WARN__DUPLICATE_METHOD_MATCH = YES;
				"CODE_SIGN_IDENTITY[sdk=iphoneos*]" = "iPhone Developer";
				COPY_PHASE_STRIP = NO;
				DEBUG_INFORMATION_FORMAT = "dwarf-with-dsym";
				ENABLE_NS_ASSERTIONS = NO;
				ENABLE_STRICT_OBJC_MSGSEND = YES;
				GCC_C_LANGUAGE_STANDARD = gnu99;
				GCC_NO_COMMON_BLOCKS = YES;
				GCC_WARN_64_TO_32_BIT_CONVERSION = YES;
				GCC_WARN_ABOUT_RETURN_TYPE = YES_ERROR;
				GCC_WARN_UNDECLARED_SELECTOR = YES;
				GCC_WARN_UNINITIALIZED_AUTOS = YES_AGGRESSIVE;
				GCC_WARN_UNUSED_FUNCTION = YES;
				GCC_WARN_UNUSED_VARIABLE = YES;
				IPHONEOS_DEPLOYMENT_TARGET = 8.3;
				MTL_ENABLE_DEBUG_INFO = NO;
				SDKROOT = iphoneos;
				TARGETED_DEVICE_FAMILY = "1,2";
				VALIDATE_PRODUCT = YES;
			};
			name = Release;
		};
		62AAD6741B0EECC600FCF665 /* Debug */ = {
			isa = XCBuildConfiguration;
			buildSettings = {
				ASSETCATALOG_COMPILER_APPICON_NAME = AppIcon;
				INFOPLIST_FILE = HomePlan/Info.plist;
				IPHONEOS_DEPLOYMENT_TARGET = 8.0;
				LD_RUNPATH_SEARCH_PATHS = "$(inherited) @executable_path/Frameworks";
				PRODUCT_NAME = "$(TARGET_NAME)";
			};
			name = Debug;
		};
		62AAD6751B0EECC600FCF665 /* Release */ = {
			isa = XCBuildConfiguration;
			buildSettings = {
				ASSETCATALOG_COMPILER_APPICON_NAME = AppIcon;
				INFOPLIST_FILE = HomePlan/Info.plist;
				IPHONEOS_DEPLOYMENT_TARGET = 8.0;
				LD_RUNPATH_SEARCH_PATHS = "$(inherited) @executable_path/Frameworks";
				PRODUCT_NAME = "$(TARGET_NAME)";
			};
			name = Release;
		};
		62AAD6771B0EECC600FCF665 /* Debug */ = {
			isa = XCBuildConfiguration;
			buildSettings = {
				BUNDLE_LOADER = "$(TEST_HOST)";
				FRAMEWORK_SEARCH_PATHS = (
					"$(SDKROOT)/Developer/Library/Frameworks",
					"$(inherited)",
				);
				GCC_PREPROCESSOR_DEFINITIONS = (
					"DEBUG=1",
					"$(inherited)",
				);
				INFOPLIST_FILE = HomePlanTests/Info.plist;
				LD_RUNPATH_SEARCH_PATHS = "$(inherited) @executable_path/Frameworks @loader_path/Frameworks";
				PRODUCT_NAME = "$(TARGET_NAME)";
				TEST_HOST = "$(BUILT_PRODUCTS_DIR)/HomePlan.app/HomePlan";
			};
			name = Debug;
		};
		62AAD6781B0EECC600FCF665 /* Release */ = {
			isa = XCBuildConfiguration;
			buildSettings = {
				BUNDLE_LOADER = "$(TEST_HOST)";
				FRAMEWORK_SEARCH_PATHS = (
					"$(SDKROOT)/Developer/Library/Frameworks",
					"$(inherited)",
				);
				INFOPLIST_FILE = HomePlanTests/Info.plist;
				LD_RUNPATH_SEARCH_PATHS = "$(inherited) @executable_path/Frameworks @loader_path/Frameworks";
				PRODUCT_NAME = "$(TARGET_NAME)";
				TEST_HOST = "$(BUILT_PRODUCTS_DIR)/HomePlan.app/HomePlan";
			};
			name = Release;
		};
/* End XCBuildConfiguration section */

/* Begin XCConfigurationList section */
		62AAD64F1B0EECC600FCF665 /* Build configuration list for PBXProject "HomePlan" */ = {
			isa = XCConfigurationList;
			buildConfigurations = (
				62AAD6711B0EECC600FCF665 /* Debug */,
				62AAD6721B0EECC600FCF665 /* Release */,
			);
			defaultConfigurationIsVisible = 0;
			defaultConfigurationName = Release;
		};
		62AAD6731B0EECC600FCF665 /* Build configuration list for PBXNativeTarget "HomePlan" */ = {
			isa = XCConfigurationList;
			buildConfigurations = (
				62AAD6741B0EECC600FCF665 /* Debug */,
				62AAD6751B0EECC600FCF665 /* Release */,
			);
			defaultConfigurationIsVisible = 0;
		};
		62AAD6761B0EECC600FCF665 /* Build configuration list for PBXNativeTarget "HomePlanTests" */ = {
			isa = XCConfigurationList;
			buildConfigurations = (
				62AAD6771B0EECC600FCF665 /* Debug */,
				62AAD6781B0EECC600FCF665 /* Release */,
			);
			defaultConfigurationIsVisible = 0;
		};
/* End XCConfigurationList section */
	};
	rootObject = 62AAD64C1B0EECC600FCF665 /* Project object */;
}
